
Microsoft Visual Studio Solution File, Format Version 12.00
# Visual Studio Version 17
VisualStudioVersion = 17.12.35506.116 d17.12
MinimumVisualStudioVersion = 10.0.40219.1
Project("{FAE04EC0-301F-11D3-BF4B-00C04F79EFBC}") = "BaiTapThucHanhBuoi1_2312732", "BaiTapThucHanhBuoi1_2312732\BaiTapThucHanhBuoi1_2312732.csproj", "{552A2EB4-BF77-4E1D-9DBB-0EED819933DD}"
EndProject
Project("{FAE04EC0-301F-11D3-BF4B-00C04F79EFBC}") = "BaiTap2", "BaiTap2\BaiTap2.csproj", "{C7B80D37-4869-47E6-AE64-A4021B3800E6}"
EndProject
Global
	GlobalSection(SolutionConfigurationPlatforms) = preSolution
		Debug|Any CPU = Debug|Any CPU
		Release|Any CPU = Release|Any CPU
	EndGlobalSection
	GlobalSection(ProjectConfigurationPlatforms) = postSolution
		{552A2EB4-BF77-4E1D-9DBB-0EED819933DD}.Debug|Any CPU.ActiveCfg = Debug|Any CPU
		{552A2EB4-BF77-4E1D-9DBB-0EED819933DD}.Debug|Any CPU.Build.0 = Debug|Any CPU
		{552A2EB4-BF77-4E1D-9DBB-0EED819933DD}.Release|Any CPU.ActiveCfg = Release|Any CPU
		{552A2EB4-BF77-4E1D-9DBB-0EED819933DD}.Release|Any CPU.Build.0 = Release|Any CPU
		{C7B80D37-4869-47E6-AE64-A4021B3800E6}.Debug|Any CPU.ActiveCfg = Debug|Any CPU
		{C7B80D37-4869-47E6-AE64-A4021B3800E6}.Debug|Any CPU.Build.0 = Debug|Any CPU
		{C7B80D37-4869-47E6-AE64-A4021B3800E6}.Release|Any CPU.ActiveCfg = Release|Any CPU
		{C7B80D37-4869-47E6-AE64-A4021B3800E6}.Release|Any CPU.Build.0 = Release|Any CPU
	EndGlobalSection
	GlobalSection(SolutionProperties) = preSolution
		HideSolutionNode = FALSE
	EndGlobalSection
EndGlobal
